
Microsoft Visual Studio Solution File, Format Version 12.00
# Visual Studio Version 17
VisualStudioVersion = 17.4.33110.190
MinimumVisualStudioVersion = 10.0.40219.1
Project("{FAE04EC0-301F-11D3-BF4B-00C04F79EFBC}") = "MANPOWER NEW", "MANPOWER NEW.csproj", "{B986BDA7-2994-494E-9EE2-55037F6F558E}"
	ProjectSection(ProjectDependencies) = postProject
		{BAF29414-FE0F-47C4-A13A-6EB35FABE5C9} = {BAF29414-FE0F-47C4-A13A-6EB35FABE5C9}
	EndProjectSection
EndProject
Project("{9A19103F-16F7-4668-BE54-9A1E7A4F7556}") = "MANPOWER-NewCore", "..\MANPOWER-NewCore\MANPOWER-NewCore.csproj", "{BAF29414-FE0F-47C4-A13A-6EB35FABE5C9}"
EndProject
Global
	GlobalSection(SolutionConfigurationPlatforms) = preSolution
		Debug|Any CPU = Debug|Any CPU
		Release|Any CPU = Release|Any CPU
	EndGlobalSection
	GlobalSection(ProjectConfigurationPlatforms) = postSolution
		{B986BDA7-2994-494E-9EE2-55037F6F558E}.Debug|Any CPU.ActiveCfg = Debug|Any CPU
		{B986BDA7-2994-494E-9EE2-55037F6F558E}.Debug|Any CPU.Build.0 = Debug|Any CPU
		{B986BDA7-2994-494E-9EE2-55037F6F558E}.Release|Any CPU.ActiveCfg = Release|Any CPU
		{B986BDA7-2994-494E-9EE2-55037F6F558E}.Release|Any CPU.Build.0 = Release|Any CPU
		{BAF29414-FE0F-47C4-A13A-6EB35FABE5C9}.Debug|Any CPU.ActiveCfg = Debug|Any CPU
		{BAF29414-FE0F-47C4-A13A-6EB35FABE5C9}.Debug|Any CPU.Build.0 = Debug|Any CPU
		{BAF29414-FE0F-47C4-A13A-6EB35FABE5C9}.Release|Any CPU.ActiveCfg = Release|Any CPU
		{BAF29414-FE0F-47C4-A13A-6EB35FABE5C9}.Release|Any CPU.Build.0 = Release|Any CPU
	EndGlobalSection
	GlobalSection(SolutionProperties) = preSolution
		HideSolutionNode = FALSE
	EndGlobalSection
	GlobalSection(ExtensibilityGlobals) = postSolution
		SolutionGuid = {2700D9B0-98C6-48C6-82B4-F918F3D1D6B0}
	EndGlobalSection
EndGlobal
